
Microsoft Visual Studio Solution File, Format Version 12.00
Project("{FAE04EC0-301F-11D3-BF4B-00C04F79EFBC}") = "mvc_api", "mvc_api\mvc_api.csproj", "{F7A1995C-F88D-4D43-80AA-19FE32F86173}"
EndProject
Project("{FAE04EC0-301F-11D3-BF4B-00C04F79EFBC}") = "mvc_api.Tests", "mvc_api.Tests\mvc_api.Tests.csproj", "{A3AF2CE6-4F83-4C1A-9F5E-CA39E4DE4D6A}"
EndProject
Global
	GlobalSection(SolutionConfigurationPlatforms) = preSolution
		Debug|Any CPU = Debug|Any CPU
		Release|Any CPU = Release|Any CPU
	EndGlobalSection
	GlobalSection(ProjectConfigurationPlatforms) = postSolution
		{F7A1995C-F88D-4D43-80AA-19FE32F86173}.Debug|Any CPU.ActiveCfg = Debug|Any CPU
		{F7A1995C-F88D-4D43-80AA-19FE32F86173}.Debug|Any CPU.Build.0 = Debug|Any CPU
                {F7A1995C-F88D-4D43-80AA-19FE32F86173}.Release|Any CPU.ActiveCfg = Release|Any CPU
                {F7A1995C-F88D-4D43-80AA-19FE32F86173}.Release|Any CPU.Build.0 = Release|Any CPU
                {A3AF2CE6-4F83-4C1A-9F5E-CA39E4DE4D6A}.Debug|Any CPU.ActiveCfg = Debug|Any CPU
                {A3AF2CE6-4F83-4C1A-9F5E-CA39E4DE4D6A}.Debug|Any CPU.Build.0 = Debug|Any CPU
                {A3AF2CE6-4F83-4C1A-9F5E-CA39E4DE4D6A}.Release|Any CPU.ActiveCfg = Release|Any CPU
                {A3AF2CE6-4F83-4C1A-9F5E-CA39E4DE4D6A}.Release|Any CPU.Build.0 = Release|Any CPU
        EndGlobalSection
EndGlobal
